{
    "_meta": {
        "hash": {
            "sha256": "05a048f1e2bd87b63c0f8c83f00d54a10d3f2cd6e113ecd3e96dfa258033e540"
        },
        "pipfile-spec": 6,
        "requires": {
            "python_version": "3.7"
        },
        "sources": [
            {
                "name": "pypi",
                "url": "https://pypi.org/simple",
                "verify_ssl": true
            }
        ]
    },
    "default": {
        "astropy": {
            "hashes": [
                "sha256:0b4576d9bc2ab8359f2c4b87d0496c5ad768c7a14d1b16dc634ec24d22147c79",
                "sha256:26f8dce66d3de8aa761508d76b99627ed745d99ec7c5e10289566c2082fa7dc3",
                "sha256:2d3951223b4eb7f368fcad8c8340d27374c5d8e3b635a636275acdb38f35cd51",
                "sha256:34992c0ac1da577d7a1b13171cd8097cdb4544f09687bbd27e433806d3fd2e9f",
                "sha256:434ab46e85f5406acc9f2d2084e5e36890abeaf615c8aa71178e835134b64726",
                "sha256:4b0ff70baee2a2c768cfc5f7966a371fa0741c93a7283d7e99d6a668f2606851",
                "sha256:6a5fb4ce4c964f02d7ac2b755f80f5210157a413cbfcdccbc25ad6e7586c258f",
                "sha256:98bba44f60bb3584b3ad24d1ffad1763138d4d18fc7ca31921732d2449419dd9",
                "sha256:9a01cc7b9d50f265d5d77e1f7206cda22c62720f5bed63158ee56440708848ea",
                "sha256:9e5613e897cb6da64330c5969981f576385491ff5ea61435218117d717a71ff2",
                "sha256:a0764d7f68034c584dda8d1c9cc4357ade05cec4c1134db43bce804fcf656ff1",
                "sha256:aae1e9e6b2c7811070e4a3373c54eac603f882dc381a796b981a25c02e7fafe2",
                "sha256:bcedff7bad0fbc70209751e8eb98eec7c0bd3f0e202f4ee7ff65b8ddf19d5e53",
                "sha256:beddc4a365d696214e13ff9aa9362d418ecc112f1dba6338f8ac4218fe475e25",
                "sha256:ce1095e385ec74c655866eacd1853535fbc2dd2c42a8188503fe9a68b8a98ea0",
                "sha256:dcb6d7e6631d92d5d15b7ae4e0a994829609b09a4e3af2055995187edb8989e3"
            ],
            "markers": "python_version >= '3.7'",
            "version": "==4.3.1"
        },
        "importlib-metadata": {
            "hashes": [
                "sha256:899e2a40a8c4a1aec681feef45733de8a6c58f3f6a0dbed2eb6574b4387a77b6",
                "sha256:951f0d8a5b7260e9db5e41d429285b5f451e928479f19d80818878527d36e95e"
            ],
            "markers": "python_version == '3.7'",
            "version": "==4.10.1"
        },
        "numpy": {
            "hashes": [
                "sha256:0cfe07133fd00b27edee5e6385e333e9eeb010607e8a46e1cd673f05f8596595",
                "sha256:11a1f3816ea82eed4178102c56281782690ab5993251fdfd75039aad4d20385f",
                "sha256:2762331de395739c91f1abb88041f94a080cb1143aeec791b3b223976228af3f",
                "sha256:283d9de87c0133ef98f93dfc09fad3fb382f2a15580de75c02b5bb36a5a159a5",
                "sha256:3d22662b4b10112c545c91a0741f2436f8ca979ab3d69d03d19322aa970f9695",
                "sha256:41388e32e40b41dd56eb37fcaa7488b2b47b0adf77c66154d6b89622c110dfe9",
                "sha256:42c16cec1c8cf2728f1d539bd55aaa9d6bb48a7de2f41eb944697293ef65a559",
                "sha256:47ee7a839f5885bc0c63a74aabb91f6f40d7d7b639253768c4199b37aede7982",
                "sha256:5a311ee4d983c487a0ab546708edbdd759393a3dc9cd30305170149fedd23c88",
                "sha256:5dc65644f75a4c2970f21394ad8bea1a844104f0fe01f278631be1c7eae27226",
                "sha256:6ed0d073a9c54ac40c41a9c2d53fcc3d4d4ed607670b9e7b0de1ba13b4cbfe6f",
                "sha256:76ba7c40e80f9dc815c5e896330700fd6e20814e69da9c1267d65a4d051080f1",
                "sha256:818b9be7900e8dc23e013a92779135623476f44a0de58b40c32a15368c01d471",
                "sha256:a024181d7aef0004d76fb3bce2a4c9f2e67a609a9e2a6ff2571d30e9976aa383",
                "sha256:a955e4128ac36797aaffd49ab44ec74a71c11d6938df83b1285492d277db5397",
                "sha256:a97a954a8c2f046d3817c2bce16e3c7e9a9c2afffaf0400f5c16df5172a67c9c",
                "sha256:a97e82c39d9856fe7d4f9b86d8a1e66eff99cf3a8b7ba48202f659703d27c46f",
                "sha256:b55b953a1bdb465f4dc181758570d321db4ac23005f90ffd2b434cc6609a63dd",
                "sha256:bb02929b0d6bfab4c48a79bd805bd7419114606947ec8284476167415171f55b",
                "sha256:bece0a4a49e60e472a6d1f70ac6cdea00f9ab80ff01132f96bd970cdd8a9e5a9",
                "sha256:e41e8951749c4b5c9a2dc5fdbc1a4eec6ab2a140fdae9b460b0f557eed870f4d",
                "sha256:f71d57cc8645f14816ae249407d309be250ad8de93ef61d9709b45a0ddf4050c"
            ],
            "index": "pypi",
            "markers": "python_version >= '3.8'",
            "version": "==1.22.0"
        },
        "pandas": {
            "hashes": [
                "sha256:07c1b58936b80eafdfe694ce964ac21567b80a48d972879a359b3ebb2ea76835",
                "sha256:0ebe327fb088df4d06145227a4aa0998e4f80a9e6aed4b61c1f303bdfdf7c722",
                "sha256:11c7cb654cd3a0e9c54d81761b5920cdc86b373510d829461d8f2ed6d5905266",
                "sha256:12f492dd840e9db1688126216706aa2d1fcd3f4df68a195f9479272d50054645",
                "sha256:167a1315367cea6ec6a5e11e791d9604f8e03f95b57ad227409de35cf850c9c5",
                "sha256:1a7c56f1df8d5ad8571fa251b864231f26b47b59cbe41aa5c0983d17dbb7a8e4",
                "sha256:1fa4bae1a6784aa550a1c9e168422798104a85bf9c77a1063ea77ee6f8452e3a",
                "sha256:32f42e322fb903d0e189a4c10b75ba70d90958cc4f66a1781ed027f1a1d14586",
                "sha256:387dc7b3c0424327fe3218f81e05fc27832772a5dffbed385013161be58df90b",
                "sha256:6597df07ea361231e60c00692d8a8099b519ed741c04e65821e632bc9ccb924c",
                "sha256:743bba36e99d4440403beb45a6f4f3a667c090c00394c176092b0b910666189b",
                "sha256:858a0d890d957ae62338624e4aeaf1de436dba2c2c0772570a686eaca8b4fc85",
                "sha256:863c3e4b7ae550749a0bb77fa22e601a36df9d2905afef34a6965bed092ba9e5",
                "sha256:a210c91a02ec5ff05617a298ad6f137b9f6f5771bf31f2d6b6367d7f71486639",
                "sha256:ca84a44cf727f211752e91eab2d1c6c1ab0f0540d5636a8382a3af428542826e",
                "sha256:d234bcf669e8b4d6cbcd99e3ce7a8918414520aeb113e2a81aeb02d0a533d7f7"
            ],
            "index": "pypi",
            "version": "==1.0.3"
        },
        "photutils": {
            "hashes": [
                "sha256:02d8ade38181ed56a50b6958e2030334089862cffdabbe17486fe936a838a1a5",
                "sha256:106284e4c56309fcb7172431ddd78737a87a31667e19fe61d9795ef7d30471fd",
                "sha256:1305bc4b6bc8a22bfbd14c76a286a5c6e64d1921a99dec7d7036afc93cb8effe",
                "sha256:19ec272687d6318f604bbcdb909102dd2c060be3f3f4c3683e47ff474ba8455e",
                "sha256:23daffc84367cead71a9f77520c85b0c396150da9865260987b560c352ae2817",
                "sha256:26d4856a87c7ac2cda3c7dc2bcfc346b27af7546793d2e27ea643c8f23e2a935",
                "sha256:2bf3e52579f212b6f2cd340ed12a089651bd88a88cd244cdc8e587b095f1068d",
                "sha256:36b7815ce641bfbf2010b37604bb1f1c7e6717d5c363a7fa875f4b00dd9eee2c",
                "sha256:38dba5e44565ed7560efdb13b33a77a4234745fc2f090217a65f0f3027f827cf",
                "sha256:3be9800b65d46a4be71d874ca52a5e237d2f3c658f6fa58d04361e2e5a7a45b0",
                "sha256:3c20402dd837505008e06ef64c2719e0cac33a886f181bdca8d898003445a4fa",
                "sha256:45cfa5c85119a3effe1ae9172adf53efc3394f70b6b618100e0a0d2915a552f5",
                "sha256:4a0c153fd2024acc194dbe860619e5ef3842682bf6bc6513eb060ecad945de91",
                "sha256:4cf281327623eab905ad6c48122712a3868aec5905b03eddf262831fc02d78f1",
                "sha256:4fe09d69d4b0dd879d759c16539c6f4cc23acd0c72caa99dedcdd0bc1d7c61cb",
                "sha256:58bd3447b9ae2e5c24630f7dc7f469fa57e7cb9c402b6de436657f4a6c86388e",
                "sha256:5a550166f402f24c1c332e2b8773c8db4ce5d68ea70d39aa42822d1b8271b0dd",
                "sha256:6d505c4f4a1330f241839bc1395dc1ac303ba92d11508531ffb3ea3dba3081b2",
                "sha256:71e23d0b5d09e9d74e74c7f633b74765cc888bd5b722575c55d97b751fc8ef13",
                "sha256:741cb6dd5bf78c3068639f28c3d94d8f7622066917e4d24730fb660caeba7c34",
                "sha256:9837968e420a03d16649efdb1c1797a0473863a1cf413b28fe1ffe2bc81457f7",
                "sha256:9f2aa72040f2f41f03eb701e35d2897072016d2ca83159d3e8cf534098ad70de",
                "sha256:a282c27c8c2be0ce3a588aad32206a781ada4c21428bd7b63fe1962305a52fb5",
                "sha256:b3ecd67710eb0dec74df89e50a86ffc769482ea037c107251077b10947a78112",
                "sha256:bb9b84ee6a4fd46afe90fb84297ca38e0416d87d7bd988a842c8edfe1943cddc",
                "sha256:cae24acd8893c05d283ff9456d9171bf941c8175053415d701de3daad0b92030",
                "sha256:dffea462c97228c26b8d9ebc71c3b82ca6861e47379b6e80057f9df30b894887",
                "sha256:f7a1702437d855e4e649b9a2e0a936329a6c9f399818304461113e2018a3c3d3",
                "sha256:ff9b3167c3c00b6676f2246ba27dda13557519a094d55b5d9edecf4c9f9e2b29"
            ],
            "index": "pypi",
            "version": "==0.7.2"
        },
        "pyerfa": {
            "hashes": [
                "sha256:041939a7554a98b72885904ffddd8882567191bee62358727679448480174c31",
                "sha256:0833f8ebba9f84a19a04ee5ca5aa90be75729abfbb8328e7a6d89ed1b04e058c",
                "sha256:177f50f0e8354f1a7115c2d4784668b365f1cc2f2c7d1e2f4ddf354160559b32",
                "sha256:1ba3668e1e181a678ce788d23a4f8666aabd8518f77fdde5157ba4744bc73d4a",
                "sha256:278832de7803f2fb0ef4b14263200f98dfdb3eaa78dc63835d93796fd8fc42c6",
                "sha256:2fd4637ffe2c1e6ede7482c13f583ba7c73119d78bef90175448ce506a0ede30",
                "sha256:3285d95dfe398a931a633da961f6f1c0b8690f2a3b1c510a4efe639f784cd9c7",
                "sha256:36738ba75e7a69e0ea6a7e96a5d33a852816427e7e94e7089c188ef920b02669",
                "sha256:37249e1e2b378d1f56e9379e4bb8f2cf87645c160a8a3e92166a1b7bb7ad7ea6",
                "sha256:486e672c52bf58eab61140968660ac7fb3b756116b53c26c334ae95dadd943ee",
                "sha256:5c077aed4ccd585c1fe2f96ada8edb66e9d27b4ae8ff13ea2783283b298ba0c6",
                "sha256:629248cebc8626a52e80f69d4e2f30cc6e751f57803f5ba7ec99edd09785d181",
                "sha256:63a83c35cea8c5d50d53c18089f1e625c0ffc59a7a5b8d44e0f1b3ec5288f183",
                "sha256:67711a748821c5d91f7a8907b9125094dfc3e5ab6a6b7ad8e207fd6afbe6b37f",
                "sha256:690116a6026ee84ce5fec794c9e21bdc8c0ac8345d6722323810181486745068",
                "sha256:7895b7e6f3bc36442d1969bf3bda5a4c3b661be7a5a468798369cbd5d81023d8",
                "sha256:b8f08f6e6d75a261bb92b707bea19eba2e46a8fcbfb499b789f3eb0d0352ea00",
                "sha256:b935fa9d10dfd7206760859236640c835aa652609c0ae8a6584593324eb6f318",
                "sha256:c7ca8c98842f1ae10c1fbcea0e03a41ddc13456da88da2dc9b8335a8c414d7a3",
                "sha256:d2c10838241aaf17279468dcc731cb2c09bfb7dd7b340c0f527fd70c7c9e53d1",
                "sha256:d3e7dedce1d7e4e044f6f81d192b1f6b373c8ad6716aa8721ec6d3cf4d36f5f3",
                "sha256:d603f1e8123f98a0593433aa6dad4ba03f0b0ceef4cb3e96f9a69aa7ab8d5c61",
                "sha256:da5ee24eaf5e5f841f36885ea16461800b7bea11df5b657bcff85d7a7f51d2d8",
                "sha256:da89304d6b25ac056e470f44f85770b04c9674eced07a7f93b5eb0ce1edaabd9",
                "sha256:e86c08c9c0b75e448818473c6d709e3887a439c05a1aa34042d26774251422b7",
                "sha256:ef5590b2075c50395b958f102988e519e339d96509dfdca0360f26dde94c47e7",
                "sha256:f00dc4fc48a16eb39fd0121f2f06c03ee762b79a207cc5b0bc17d94191b51302",
                "sha256:f76fb4b64a87da2af9d0b6b79cc25e1ecc5b4143b2b3c8c9f10b221748c5db4d",
                "sha256:f9e149bc3d423ae891f6587c1383fd471ae07744b88152e66b5e9f64a8bc9006"
            ],
            "markers": "python_version >= '3.7'",
            "version": "==2.0.0.1"
        },
        "python-dateutil": {
            "hashes": [
                "sha256:0123cacc1627ae19ddf3c27a5de5bd67ee4586fbdd6440d9748f8abb483d3e86",
                "sha256:961d03dc3453ebbc59dbdea9e4e11c5651520a876d0f4db161e8674aae935da9"
            ],
            "markers": "python_version >= '2.7' and python_version not in '3.0, 3.1, 3.2, 3.3'",
            "version": "==2.8.2"
        },
        "pytz": {
            "hashes": [
                "sha256:3672058bc3453457b622aab7a1c3bfd5ab0bdae451512f6cf25f64ed37f5b87c",
                "sha256:acad2d8b20a1af07d4e4c9d2e9285c5ed9104354062f275f3fcd88dcef4f1326"
            ],
            "version": "==2021.3"
        },
        "six": {
            "hashes": [
                "sha256:1e61c37477a1626458e36f7b1d82aa5c9b094fa4802892072e49de9c60c4c926",
                "sha256:8abb2f1d86890a2dfb989f9a77cfcfd3e47c2a354b01111771326f8aa26e0254"
            ],
            "markers": "python_version >= '2.7' and python_version not in '3.0, 3.1, 3.2, 3.3'",
            "version": "==1.16.0"
        },
        "tqdm": {
            "hashes": [
                "sha256:23097a41eba115ba99ecae40d06444c15d1c0c698d527a01c6c8bd1c5d0647e5",
                "sha256:4f41d54107ff9a223dca80b53efe4fb654c67efaba7f47bada3ee9d50e05bd53"
            ],
            "index": "pypi",
            "markers": "python_version >= '3.7'",
            "version": "==4.66.3"
        },
        "typing-extensions": {
            "hashes": [
                "sha256:4ca091dea149f945ec56afb48dae714f21e8692ef22a395223bcd328961b6a0e",
                "sha256:7f001e5ac290a0c0401508864c7ec868be4e701886d5b573a9528ed3973d9d3b"
            ],
            "markers": "python_version < '3.8'",
            "version": "==4.0.1"
        },
        "zipp": {
            "hashes": [
                "sha256:2828e64edb5386ea6a52e7ba7cdb17bb30a73a858f5eb6eb93d8d36f5ea26091",
                "sha256:35427f6d5594f4acf82d25541438348c26736fa9b3afa2754bcd63cdb99d8e8f"
            ],
            "index": "pypi",
            "markers": "python_version >= '3.8'",
            "version": "==3.19.1"
        }
    },
    "develop": {}
}
